<Solution>
  <Project Path="MCPForUnity.Editor.csproj" />
  <Project Path="KineTutor3D.Runtime.csproj" />
  <Project Path="Assembly-CSharp-Editor.csproj" />
  <Project Path="KineTutor3D.Types.csproj" />
  <Project Path="MCPForUnity.Runtime.csproj" />
  <Project Path="KineTutor3D.Templates.csproj" />
  <Project Path="KineTutor3D.Math.csproj" />
  <Project Path="KineTutor3D.Kinematics.csproj" />
</Solution>
